{
  "version": 4,
  "terraform_version": "1.2.2",
  "serial": 5,
  "lineage": "735c3620-8b01-3c42-f0f3-f0cf985bde43",
  "outputs": {},
  "resources": [
    {
      "mode": "managed",
      "type": "google_service_account",
      "name": "dataform_executor",
      "provider": "provider[\"registry.terraform.io/hashicorp/google\"]",
      "instances": [
        {
          "schema_version": 0,
          "attributes": {
            "account_id": "dataform-executor",
            "description": "Datafrom (dataform.co) に付与する用のサービスアカウント",
            "display_name": "",
            "email": "dataform-executor@four-keys-sample-353112.iam.gserviceaccount.com",
            "id": "projects/four-keys-sample-353112/serviceAccounts/dataform-executor@four-keys-sample-353112.iam.gserviceaccount.com",
            "name": "projects/four-keys-sample-353112/serviceAccounts/dataform-executor@four-keys-sample-353112.iam.gserviceaccount.com",
            "project": "four-keys-sample-353112",
            "timeouts": null,
            "unique_id": "111272644451061242494"
          },
          "sensitive_attributes": [],
          "private": "eyJlMmJmYjczMC1lY2FhLTExZTYtOGY4OC0zNDM2M2JjN2M0YzAiOnsiY3JlYXRlIjozMDAwMDAwMDAwMDB9fQ=="
        }
      ]
    },
    {
      "mode": "managed",
      "type": "google_service_account",
      "name": "github_importer",
      "provider": "provider[\"registry.terraform.io/hashicorp/google\"]",
      "instances": [
        {
          "schema_version": 0,
          "attributes": {
            "account_id": "github-importer",
            "description": "GitHubの情報をBigQueryに流し込むためのサービスアカウント",
            "display_name": "github-importer",
            "email": "github-importer@four-keys-sample-353112.iam.gserviceaccount.com",
            "id": "projects/four-keys-sample-353112/serviceAccounts/github-importer@four-keys-sample-353112.iam.gserviceaccount.com",
            "name": "projects/four-keys-sample-353112/serviceAccounts/github-importer@four-keys-sample-353112.iam.gserviceaccount.com",
            "project": "four-keys-sample-353112",
            "timeouts": null,
            "unique_id": "101663225106761339830"
          },
          "sensitive_attributes": [],
          "private": "eyJlMmJmYjczMC1lY2FhLTExZTYtOGY4OC0zNDM2M2JjN2M0YzAiOnsiY3JlYXRlIjozMDAwMDAwMDAwMDB9fQ=="
        }
      ]
    }
  ]
}
