{
  "version": 4,
  "terraform_version": "1.2.2",
  "serial": 39,
  "lineage": "735c3620-8b01-3c42-f0f3-f0cf985bde43",
  "outputs": {},
  "resources": [
    {
      "mode": "managed",
      "type": "google_bigquery_dataset",
      "name": "source__github",
      "provider": "provider[\"registry.terraform.io/hashicorp/google\"]",
      "instances": [
        {
          "schema_version": 0,
          "attributes": {
            "access": [
              {
                "domain": "",
                "group_by_email": "",
                "role": "OWNER",
                "special_group": "projectOwners",
                "user_by_email": "",
                "view": []
              },
              {
                "domain": "",
                "group_by_email": "",
                "role": "READER",
                "special_group": "projectReaders",
                "user_by_email": "",
                "view": []
              },
              {
                "domain": "",
                "group_by_email": "",
                "role": "WRITER",
                "special_group": "projectWriters",
                "user_by_email": "",
                "view": []
              }
            ],
            "creation_time": 1655098995013,
            "dataset_id": "source__github",
            "default_encryption_configuration": [],
            "default_partition_expiration_ms": 0,
            "default_table_expiration_ms": 0,
            "delete_contents_on_destroy": false,
            "description": "",
            "etag": "LFQe2KPPhAXj6089j4NwQQ==",
            "friendly_name": "",
            "id": "projects/four-keys-sample-353112/datasets/source__github",
            "labels": null,
            "last_modified_time": 1655098995013,
            "location": "asia-northeast1",
            "project": "four-keys-sample-353112",
            "self_link": "https://bigquery.googleapis.com/bigquery/v2/projects/four-keys-sample-353112/datasets/source__github",
            "timeouts": null
          },
          "sensitive_attributes": [],
          "private": "eyJlMmJmYjczMC1lY2FhLTExZTYtOGY4OC0zNDM2M2JjN2M0YzAiOnsiY3JlYXRlIjoyNDAwMDAwMDAwMDAsImRlbGV0ZSI6MjQwMDAwMDAwMDAwLCJ1cGRhdGUiOjI0MDAwMDAwMDAwMH19"
        }
      ]
    },
    {
      "mode": "managed",
      "type": "google_bigquery_dataset_access",
      "name": "github_importer_bigquery_dataset_access_bindings",
      "provider": "provider[\"registry.terraform.io/hashicorp/google\"]",
      "instances": [
        {
          "schema_version": 0,
          "attributes": {
            "api_updated_member": false,
            "dataset_id": "source__github",
            "domain": "",
            "group_by_email": "",
            "iam_member": "",
            "id": "projects/four-keys-sample-353112/datasets/source__github",
            "project": "four-keys-sample-353112",
            "role": "WRITER",
            "special_group": "",
            "timeouts": null,
            "user_by_email": "github-importer@four-keys-sample-353112.iam.gserviceaccount.com",
            "view": []
          },
          "sensitive_attributes": [],
          "private": "eyJlMmJmYjczMC1lY2FhLTExZTYtOGY4OC0zNDM2M2JjN2M0YzAiOnsiY3JlYXRlIjoyNDAwMDAwMDAwMDAsImRlbGV0ZSI6MjQwMDAwMDAwMDAwfX0=",
          "dependencies": [
            "google_service_account.github_importer"
          ]
        }
      ]
    },
    {
      "mode": "managed",
      "type": "google_bigquery_table",
      "name": "pull_requests",
      "provider": "provider[\"registry.terraform.io/hashicorp/google\"]",
      "instances": [
        {
          "schema_version": 0,
          "attributes": {
            "clustering": null,
            "creation_time": 1655098996569,
            "dataset_id": "source__github",
            "description": "",
            "encryption_configuration": [],
            "etag": "Fh6oSLzKgGToGjcnqi5yPA==",
            "expiration_time": 0,
            "external_data_configuration": [],
            "friendly_name": "",
            "id": "projects/four-keys-sample-353112/datasets/source__github/tables/pull_requests",
            "labels": null,
            "last_modified_time": 1655098996620,
            "location": "asia-northeast1",
            "materialized_view": [],
            "num_bytes": 0,
            "num_long_term_bytes": 0,
            "num_rows": 0,
            "project": "four-keys-sample-353112",
            "range_partitioning": [],
            "schema": "[{\"mode\":\"REPEATED\",\"name\":\"labelNames\",\"type\":\"STRING\"},{\"mode\":\"NULLABLE\",\"name\":\"headRefName\",\"type\":\"STRING\"},{\"mode\":\"NULLABLE\",\"name\":\"baseRefName\",\"type\":\"STRING\"},{\"mode\":\"NULLABLE\",\"name\":\"deletions\",\"type\":\"INTEGER\"},{\"fields\":[{\"mode\":\"NULLABLE\",\"name\":\"typename\",\"type\":\"STRING\"},{\"mode\":\"NULLABLE\",\"name\":\"login\",\"type\":\"STRING\"}],\"mode\":\"NULLABLE\",\"name\":\"author\",\"type\":\"RECORD\"},{\"description\":\"bq-datetime\",\"mode\":\"NULLABLE\",\"name\":\"firstCommittedAt\",\"type\":\"TIMESTAMP\"},{\"mode\":\"NULLABLE\",\"name\":\"id\",\"type\":\"STRING\"},{\"mode\":\"NULLABLE\",\"name\":\"additions\",\"type\":\"INTEGER\"},{\"fields\":[{\"mode\":\"NULLABLE\",\"name\":\"totalCount\",\"type\":\"INTEGER\"}],\"mode\":\"NULLABLE\",\"name\":\"reviews\",\"type\":\"RECORD\"},{\"description\":\"bq-datetime\",\"mode\":\"NULLABLE\",\"name\":\"mergedAt\",\"type\":\"TIMESTAMP\"},{\"fields\":[{\"mode\":\"NULLABLE\",\"name\":\"nameWithOwner\",\"type\":\"STRING\"}],\"mode\":\"NULLABLE\",\"name\":\"repository\",\"type\":\"RECORD\"},{\"mode\":\"NULLABLE\",\"name\":\"number\",\"type\":\"INTEGER\"},{\"mode\":\"NULLABLE\",\"name\":\"title\",\"type\":\"STRING\"},{\"description\":\"bq-datetime\",\"mode\":\"NULLABLE\",\"name\":\"createdAt\",\"type\":\"TIMESTAMP\"},{\"mode\":\"NULLABLE\",\"name\":\"url\",\"type\":\"STRING\"}]",
            "self_link": "https://bigquery.googleapis.com/bigquery/v2/projects/four-keys-sample-353112/datasets/source__github/tables/pull_requests",
            "table_id": "pull_requests",
            "time_partitioning": [],
            "type": "TABLE",
            "view": []
          },
          "sensitive_attributes": [],
          "private": "bnVsbA==",
          "dependencies": [
            "google_bigquery_dataset.source__github"
          ]
        }
      ]
    },
    {
      "mode": "managed",
      "type": "google_project_iam_member",
      "name": "dataform_executor_bigquery_admin_bindings",
      "provider": "provider[\"registry.terraform.io/hashicorp/google\"]",
      "instances": [
        {
          "schema_version": 0,
          "attributes": {
            "condition": [],
            "etag": "BwXhTcQdumE=",
            "id": "four-keys-sample-353112/roles/bigquery.admin/serviceaccount:dataform-executor@four-keys-sample-353112.iam.gserviceaccount.com",
            "member": "serviceAccount:dataform-executor@four-keys-sample-353112.iam.gserviceaccount.com",
            "project": "four-keys-sample-353112",
            "role": "roles/bigquery.admin"
          },
          "sensitive_attributes": [],
          "private": "bnVsbA==",
          "dependencies": [
            "google_service_account.dataform_executor"
          ]
        }
      ]
    },
    {
      "mode": "managed",
      "type": "google_project_iam_member",
      "name": "github_importer_bigquery_jobuser_bindings",
      "provider": "provider[\"registry.terraform.io/hashicorp/google\"]",
      "instances": [
        {
          "schema_version": 0,
          "attributes": {
            "condition": [],
            "etag": "BwXhTcQdumE=",
            "id": "four-keys-sample-353112/roles/bigquery.jobUser/serviceaccount:github-importer@four-keys-sample-353112.iam.gserviceaccount.com",
            "member": "serviceAccount:github-importer@four-keys-sample-353112.iam.gserviceaccount.com",
            "project": "four-keys-sample-353112",
            "role": "roles/bigquery.jobUser"
          },
          "sensitive_attributes": [],
          "private": "bnVsbA==",
          "dependencies": [
            "google_service_account.github_importer"
          ]
        }
      ]
    },
    {
      "mode": "managed",
      "type": "google_service_account",
      "name": "dataform_executor",
      "provider": "provider[\"registry.terraform.io/hashicorp/google\"]",
      "instances": [
        {
          "schema_version": 0,
          "attributes": {
            "account_id": "dataform-executor",
            "description": "Datafrom (dataform.co) に付与する用のサービスアカウント",
            "display_name": "",
            "email": "dataform-executor@four-keys-sample-353112.iam.gserviceaccount.com",
            "id": "projects/four-keys-sample-353112/serviceAccounts/dataform-executor@four-keys-sample-353112.iam.gserviceaccount.com",
            "name": "projects/four-keys-sample-353112/serviceAccounts/dataform-executor@four-keys-sample-353112.iam.gserviceaccount.com",
            "project": "four-keys-sample-353112",
            "timeouts": null,
            "unique_id": "109248859990850936687"
          },
          "sensitive_attributes": [],
          "private": "eyJlMmJmYjczMC1lY2FhLTExZTYtOGY4OC0zNDM2M2JjN2M0YzAiOnsiY3JlYXRlIjozMDAwMDAwMDAwMDB9fQ=="
        }
      ]
    },
    {
      "mode": "managed",
      "type": "google_service_account",
      "name": "github_importer",
      "provider": "provider[\"registry.terraform.io/hashicorp/google\"]",
      "instances": [
        {
          "schema_version": 0,
          "attributes": {
            "account_id": "github-importer",
            "description": "GitHubの情報をBigQueryに流し込むためのサービスアカウント",
            "display_name": "github-importer",
            "email": "github-importer@four-keys-sample-353112.iam.gserviceaccount.com",
            "id": "projects/four-keys-sample-353112/serviceAccounts/github-importer@four-keys-sample-353112.iam.gserviceaccount.com",
            "name": "projects/four-keys-sample-353112/serviceAccounts/github-importer@four-keys-sample-353112.iam.gserviceaccount.com",
            "project": "four-keys-sample-353112",
            "timeouts": null,
            "unique_id": "100715327536142388072"
          },
          "sensitive_attributes": [],
          "private": "eyJlMmJmYjczMC1lY2FhLTExZTYtOGY4OC0zNDM2M2JjN2M0YzAiOnsiY3JlYXRlIjozMDAwMDAwMDAwMDB9fQ=="
        }
      ]
    }
  ]
}
